// !$*UTF8*$!
{
	archiveVersion = 1;
	classes = {
	};
	objectVersion = 56;
	objects = {

/* Begin PBXBuildFile section */
		55BA962A2931D794006D91CC /* AppDelegate.swift in Sources */ = {isa = PBXBuildFile; fileRef = 55BA96292931D794006D91CC /* AppDelegate.swift */; };
		55BA962C2931D794006D91CC /* SceneDelegate.swift in Sources */ = {isa = PBXBuildFile; fileRef = 55BA962B2931D794006D91CC /* SceneDelegate.swift */; };
		55BA962E2931D794006D91CC /* MainTabBarViewController.swift in Sources */ = {isa = PBXBuildFile; fileRef = 55BA962D2931D794006D91CC /* MainTabBarViewController.swift */; };
		55BA96332931D795006D91CC /* Assets.xcassets in Resources */ = {isa = PBXBuildFile; fileRef = 55BA96322931D795006D91CC /* Assets.xcassets */; };
		55BA96362931D795006D91CC /* LaunchScreen.storyboard in Resources */ = {isa = PBXBuildFile; fileRef = 55BA96342931D795006D91CC /* LaunchScreen.storyboard */; };
		55BA963F2931DBD6006D91CC /* HomeViewController.swift in Sources */ = {isa = PBXBuildFile; fileRef = 55BA963E2931DBD6006D91CC /* HomeViewController.swift */; };
		55BA96412931DC29006D91CC /* UpcomingViewController.swift in Sources */ = {isa = PBXBuildFile; fileRef = 55BA96402931DC29006D91CC /* UpcomingViewController.swift */; };
		55BA96432931DC6F006D91CC /* SearchViewController.swift in Sources */ = {isa = PBXBuildFile; fileRef = 55BA96422931DC6F006D91CC /* SearchViewController.swift */; };
		55BA96452931DD73006D91CC /* DownloadsViewController.swift in Sources */ = {isa = PBXBuildFile; fileRef = 55BA96442931DD73006D91CC /* DownloadsViewController.swift */; };
		55BA964C2931E50F006D91CC /* CollectionViewTableViewCell.swift in Sources */ = {isa = PBXBuildFile; fileRef = 55BA964B2931E50F006D91CC /* CollectionViewTableViewCell.swift */; };
		55BA964E2932D375006D91CC /* HeroHeaderUIView.swift in Sources */ = {isa = PBXBuildFile; fileRef = 55BA964D2932D375006D91CC /* HeroHeaderUIView.swift */; };
		55BA965029332053006D91CC /* Extensions.swift in Sources */ = {isa = PBXBuildFile; fileRef = 55BA964F29332053006D91CC /* Extensions.swift */; };
/* End PBXBuildFile section */

/* Begin PBXFileReference section */
		55BA96262931D794006D91CC /* Netflix Clone.app */ = {isa = PBXFileReference; explicitFileType = wrapper.application; includeInIndex = 0; path = "Netflix Clone.app"; sourceTree = BUILT_PRODUCTS_DIR; };
		55BA96292931D794006D91CC /* AppDelegate.swift */ = {isa = PBXFileReference; lastKnownFileType = sourcecode.swift; path = AppDelegate.swift; sourceTree = "<group>"; };
		55BA962B2931D794006D91CC /* SceneDelegate.swift */ = {isa = PBXFileReference; lastKnownFileType = sourcecode.swift; path = SceneDelegate.swift; sourceTree = "<group>"; };
		55BA962D2931D794006D91CC /* MainTabBarViewController.swift */ = {isa = PBXFileReference; lastKnownFileType = sourcecode.swift; path = MainTabBarViewController.swift; sourceTree = "<group>"; };
		55BA96322931D795006D91CC /* Assets.xcassets */ = {isa = PBXFileReference; lastKnownFileType = folder.assetcatalog; path = Assets.xcassets; sourceTree = "<group>"; };
		55BA96352931D795006D91CC /* Base */ = {isa = PBXFileReference; lastKnownFileType = file.storyboard; name = Base; path = Base.lproj/LaunchScreen.storyboard; sourceTree = "<group>"; };
		55BA96372931D795006D91CC /* Info.plist */ = {isa = PBXFileReference; lastKnownFileType = text.plist.xml; path = Info.plist; sourceTree = "<group>"; };
		55BA963E2931DBD6006D91CC /* HomeViewController.swift */ = {isa = PBXFileReference; lastKnownFileType = sourcecode.swift; path = HomeViewController.swift; sourceTree = "<group>"; };
		55BA96402931DC29006D91CC /* UpcomingViewController.swift */ = {isa = PBXFileReference; lastKnownFileType = sourcecode.swift; path = UpcomingViewController.swift; sourceTree = "<group>"; };
		55BA96422931DC6F006D91CC /* SearchViewController.swift */ = {isa = PBXFileReference; lastKnownFileType = sourcecode.swift; path = SearchViewController.swift; sourceTree = "<group>"; };
		55BA96442931DD73006D91CC /* DownloadsViewController.swift */ = {isa = PBXFileReference; lastKnownFileType = sourcecode.swift; path = DownloadsViewController.swift; sourceTree = "<group>"; };
		55BA964B2931E50F006D91CC /* CollectionViewTableViewCell.swift */ = {isa = PBXFileReference; lastKnownFileType = sourcecode.swift; path = CollectionViewTableViewCell.swift; sourceTree = "<group>"; };
		55BA964D2932D375006D91CC /* HeroHeaderUIView.swift */ = {isa = PBXFileReference; lastKnownFileType = sourcecode.swift; path = HeroHeaderUIView.swift; sourceTree = "<group>"; };
		55BA964F29332053006D91CC /* Extensions.swift */ = {isa = PBXFileReference; lastKnownFileType = sourcecode.swift; path = Extensions.swift; sourceTree = "<group>"; };
/* End PBXFileReference section */

/* Begin PBXFrameworksBuildPhase section */
		55BA96232931D794006D91CC /* Frameworks */ = {
			isa = PBXFrameworksBuildPhase;
			buildActionMask = 2147483647;
			files = (
			);
			runOnlyForDeploymentPostprocessing = 0;
		};
/* End PBXFrameworksBuildPhase section */

/* Begin PBXGroup section */
		55BA961D2931D794006D91CC = {
			isa = PBXGroup;
			children = (
				55BA96282931D794006D91CC /* Netflix Clone */,
				55BA96272931D794006D91CC /* Products */,
			);
			sourceTree = "<group>";
		};
		55BA96272931D794006D91CC /* Products */ = {
			isa = PBXGroup;
			children = (
				55BA96262931D794006D91CC /* Netflix Clone.app */,
			);
			name = Products;
			sourceTree = "<group>";
		};
		55BA96282931D794006D91CC /* Netflix Clone */ = {
			isa = PBXGroup;
			children = (
				55BA964A2931E4DB006D91CC /* Managers */,
				55BA96492931E4C9006D91CC /* Resources */,
				55BA96482931E4AA006D91CC /* Models */,
				55BA96472931E49F006D91CC /* ViewModels */,
				55BA96462931E496006D91CC /* Views */,
				55BA963D2931DBBA006D91CC /* Controllers */,
				55BA96292931D794006D91CC /* AppDelegate.swift */,
				55BA962B2931D794006D91CC /* SceneDelegate.swift */,
				55BA962D2931D794006D91CC /* MainTabBarViewController.swift */,
				55BA96322931D795006D91CC /* Assets.xcassets */,
				55BA96342931D795006D91CC /* LaunchScreen.storyboard */,
				55BA96372931D795006D91CC /* Info.plist */,
				55BA964F29332053006D91CC /* Extensions.swift */,
			);
			path = "Netflix Clone";
			sourceTree = "<group>";
		};
		55BA963D2931DBBA006D91CC /* Controllers */ = {
			isa = PBXGroup;
			children = (
				55BA963E2931DBD6006D91CC /* HomeViewController.swift */,
				55BA96402931DC29006D91CC /* UpcomingViewController.swift */,
				55BA96422931DC6F006D91CC /* SearchViewController.swift */,
				55BA96442931DD73006D91CC /* DownloadsViewController.swift */,
			);
			path = Controllers;
			sourceTree = "<group>";
		};
		55BA96462931E496006D91CC /* Views */ = {
			isa = PBXGroup;
			children = (
				55BA964B2931E50F006D91CC /* CollectionViewTableViewCell.swift */,
				55BA964D2932D375006D91CC /* HeroHeaderUIView.swift */,
			);
			path = Views;
			sourceTree = "<group>";
		};
		55BA96472931E49F006D91CC /* ViewModels */ = {
			isa = PBXGroup;
			children = (
			);
			path = ViewModels;
			sourceTree = "<group>";
		};
		55BA96482931E4AA006D91CC /* Models */ = {
			isa = PBXGroup;
			children = (
			);
			path = Models;
			sourceTree = "<group>";
		};
		55BA96492931E4C9006D91CC /* Resources */ = {
			isa = PBXGroup;
			children = (
			);
			path = Resources;
			sourceTree = "<group>";
		};
		55BA964A2931E4DB006D91CC /* Managers */ = {
			isa = PBXGroup;
			children = (
			);
			path = Managers;
			sourceTree = "<group>";
		};
/* End PBXGroup section */

/* Begin PBXNativeTarget section */
		55BA96252931D794006D91CC /* Netflix Clone */ = {
			isa = PBXNativeTarget;
			buildConfigurationList = 55BA963A2931D795006D91CC /* Build configuration list for PBXNativeTarget "Netflix Clone" */;
			buildPhases = (
				55BA96222931D794006D91CC /* Sources */,
				55BA96232931D794006D91CC /* Frameworks */,
				55BA96242931D794006D91CC /* Resources */,
			);
			buildRules = (
			);
			dependencies = (
			);
			name = "Netflix Clone";
			productName = "Netflix Clone";
			productReference = 55BA96262931D794006D91CC /* Netflix Clone.app */;
			productType = "com.apple.product-type.application";
		};
/* End PBXNativeTarget section */

/* Begin PBXProject section */
		55BA961E2931D794006D91CC /* Project object */ = {
			isa = PBXProject;
			attributes = {
				BuildIndependentTargetsInParallel = 1;
				LastSwiftUpdateCheck = 1410;
				LastUpgradeCheck = 1410;
				TargetAttributes = {
					55BA96252931D794006D91CC = {
						CreatedOnToolsVersion = 14.1;
					};
				};
			};
			buildConfigurationList = 55BA96212931D794006D91CC /* Build configuration list for PBXProject "Netflix Clone" */;
			compatibilityVersion = "Xcode 14.0";
			developmentRegion = en;
			hasScannedForEncodings = 0;
			knownRegions = (
				en,
				Base,
			);
			mainGroup = 55BA961D2931D794006D91CC;
			productRefGroup = 55BA96272931D794006D91CC /* Products */;
			projectDirPath = "";
			projectRoot = "";
			targets = (
				55BA96252931D794006D91CC /* Netflix Clone */,
			);
		};
/* End PBXProject section */

/* Begin PBXResourcesBuildPhase section */
		55BA96242931D794006D91CC /* Resources */ = {
			isa = PBXResourcesBuildPhase;
			buildActionMask = 2147483647;
			files = (
				55BA96362931D795006D91CC /* LaunchScreen.storyboard in Resources */,
				55BA96332931D795006D91CC /* Assets.xcassets in Resources */,
			);
			runOnlyForDeploymentPostprocessing = 0;
		};
/* End PBXResourcesBuildPhase section */

/* Begin PBXSourcesBuildPhase section */
		55BA96222931D794006D91CC /* Sources */ = {
			isa = PBXSourcesBuildPhase;
			buildActionMask = 2147483647;
			files = (
				55BA96432931DC6F006D91CC /* SearchViewController.swift in Sources */,
				55BA962E2931D794006D91CC /* MainTabBarViewController.swift in Sources */,
				55BA964C2931E50F006D91CC /* CollectionViewTableViewCell.swift in Sources */,
				55BA964E2932D375006D91CC /* HeroHeaderUIView.swift in Sources */,
				55BA96452931DD73006D91CC /* DownloadsViewController.swift in Sources */,
				55BA965029332053006D91CC /* Extensions.swift in Sources */,
				55BA962A2931D794006D91CC /* AppDelegate.swift in Sources */,
				55BA962C2931D794006D91CC /* SceneDelegate.swift in Sources */,
				55BA96412931DC29006D91CC /* UpcomingViewController.swift in Sources */,
				55BA963F2931DBD6006D91CC /* HomeViewController.swift in Sources */,
			);
			runOnlyForDeploymentPostprocessing = 0;
		};
/* End PBXSourcesBuildPhase section */

/* Begin PBXVariantGroup section */
		55BA96342931D795006D91CC /* LaunchScreen.storyboard */ = {
			isa = PBXVariantGroup;
			children = (
				55BA96352931D795006D91CC /* Base */,
			);
			name = LaunchScreen.storyboard;
			sourceTree = "<group>";
		};
/* End PBXVariantGroup section */

/* Begin XCBuildConfiguration section */
		55BA96382931D795006D91CC /* Debug */ = {
			isa = XCBuildConfiguration;
			buildSettings = {
				ALWAYS_SEARCH_USER_PATHS = NO;
				CLANG_ANALYZER_NONNULL = YES;
				CLANG_ANALYZER_NUMBER_OBJECT_CONVERSION = YES_AGGRESSIVE;
				CLANG_CXX_LANGUAGE_STANDARD = "gnu++20";
				CLANG_ENABLE_MODULES = YES;
				CLANG_ENABLE_OBJC_ARC = YES;
				CLANG_ENABLE_OBJC_WEAK = YES;
				CLANG_WARN_BLOCK_CAPTURE_AUTORELEASING = YES;
				CLANG_WARN_BOOL_CONVERSION = YES;
				CLANG_WARN_COMMA = YES;
				CLANG_WARN_CONSTANT_CONVERSION = YES;
				CLANG_WARN_DEPRECATED_OBJC_IMPLEMENTATIONS = YES;
				CLANG_WARN_DIRECT_OBJC_ISA_USAGE = YES_ERROR;
				CLANG_WARN_DOCUMENTATION_COMMENTS = YES;
				CLANG_WARN_EMPTY_BODY = YES;
				CLANG_WARN_ENUM_CONVERSION = YES;
				CLANG_WARN_INFINITE_RECURSION = YES;
				CLANG_WARN_INT_CONVERSION = YES;
				CLANG_WARN_NON_LITERAL_NULL_CONVERSION = YES;
				CLANG_WARN_OBJC_IMPLICIT_RETAIN_SELF = YES;
				CLANG_WARN_OBJC_LITERAL_CONVERSION = YES;
				CLANG_WARN_OBJC_ROOT_CLASS = YES_ERROR;
				CLANG_WARN_QUOTED_INCLUDE_IN_FRAMEWORK_HEADER = YES;
				CLANG_WARN_RANGE_LOOP_ANALYSIS = YES;
				CLANG_WARN_STRICT_PROTOTYPES = YES;
				CLANG_WARN_SUSPICIOUS_MOVE = YES;
				CLANG_WARN_UNGUARDED_AVAILABILITY = YES_AGGRESSIVE;
				CLANG_WARN_UNREACHABLE_CODE = YES;
				CLANG_WARN__DUPLICATE_METHOD_MATCH = YES;
				COPY_PHASE_STRIP = NO;
				DEBUG_INFORMATION_FORMAT = dwarf;
				ENABLE_STRICT_OBJC_MSGSEND = YES;
				ENABLE_TESTABILITY = YES;
				GCC_C_LANGUAGE_STANDARD = gnu11;
				GCC_DYNAMIC_NO_PIC = NO;
				GCC_NO_COMMON_BLOCKS = YES;
				GCC_OPTIMIZATION_LEVEL = 0;
				GCC_PREPROCESSOR_DEFINITIONS = (
					"DEBUG=1",
					"$(inherited)",
				);
				GCC_WARN_64_TO_32_BIT_CONVERSION = YES;
				GCC_WARN_ABOUT_RETURN_TYPE = YES_ERROR;
				GCC_WARN_UNDECLARED_SELECTOR = YES;
				GCC_WARN_UNINITIALIZED_AUTOS = YES_AGGRESSIVE;
				GCC_WARN_UNUSED_FUNCTION = YES;
				GCC_WARN_UNUSED_VARIABLE = YES;
				IPHONEOS_DEPLOYMENT_TARGET = 16.1;
				MTL_ENABLE_DEBUG_INFO = INCLUDE_SOURCE;
				MTL_FAST_MATH = YES;
				ONLY_ACTIVE_ARCH = YES;
				SDKROOT = iphoneos;
				SWIFT_ACTIVE_COMPILATION_CONDITIONS = DEBUG;
				SWIFT_OPTIMIZATION_LEVEL = "-Onone";
			};
			name = Debug;
		};
		55BA96392931D795006D91CC /* Release */ = {
			isa = XCBuildConfiguration;
			buildSettings = {
				ALWAYS_SEARCH_USER_PATHS = NO;
				CLANG_ANALYZER_NONNULL = YES;
				CLANG_ANALYZER_NUMBER_OBJECT_CONVERSION = YES_AGGRESSIVE;
				CLANG_CXX_LANGUAGE_STANDARD = "gnu++20";
				CLANG_ENABLE_MODULES = YES;
				CLANG_ENABLE_OBJC_ARC = YES;
				CLANG_ENABLE_OBJC_WEAK = YES;
				CLANG_WARN_BLOCK_CAPTURE_AUTORELEASING = YES;
				CLANG_WARN_BOOL_CONVERSION = YES;
				CLANG_WARN_COMMA = YES;
				CLANG_WARN_CONSTANT_CONVERSION = YES;
				CLANG_WARN_DEPRECATED_OBJC_IMPLEMENTATIONS = YES;
				CLANG_WARN_DIRECT_OBJC_ISA_USAGE = YES_ERROR;
				CLANG_WARN_DOCUMENTATION_COMMENTS = YES;
				CLANG_WARN_EMPTY_BODY = YES;
				CLANG_WARN_ENUM_CONVERSION = YES;
				CLANG_WARN_INFINITE_RECURSION = YES;
				CLANG_WARN_INT_CONVERSION = YES;
				CLANG_WARN_NON_LITERAL_NULL_CONVERSION = YES;
				CLANG_WARN_OBJC_IMPLICIT_RETAIN_SELF = YES;
				CLANG_WARN_OBJC_LITERAL_CONVERSION = YES;
				CLANG_WARN_OBJC_ROOT_CLASS = YES_ERROR;
				CLANG_WARN_QUOTED_INCLUDE_IN_FRAMEWORK_HEADER = YES;
				CLANG_WARN_RANGE_LOOP_ANALYSIS = YES;
				CLANG_WARN_STRICT_PROTOTYPES = YES;
				CLANG_WARN_SUSPICIOUS_MOVE = YES;
				CLANG_WARN_UNGUARDED_AVAILABILITY = YES_AGGRESSIVE;
				CLANG_WARN_UNREACHABLE_CODE = YES;
				CLANG_WARN__DUPLICATE_METHOD_MATCH = YES;
				COPY_PHASE_STRIP = NO;
				DEBUG_INFORMATION_FORMAT = "dwarf-with-dsym";
				ENABLE_NS_ASSERTIONS = NO;
				ENABLE_STRICT_OBJC_MSGSEND = YES;
				GCC_C_LANGUAGE_STANDARD = gnu11;
				GCC_NO_COMMON_BLOCKS = YES;
				GCC_WARN_64_TO_32_BIT_CONVERSION = YES;
				GCC_WARN_ABOUT_RETURN_TYPE = YES_ERROR;
				GCC_WARN_UNDECLARED_SELECTOR = YES;
				GCC_WARN_UNINITIALIZED_AUTOS = YES_AGGRESSIVE;
				GCC_WARN_UNUSED_FUNCTION = YES;
				GCC_WARN_UNUSED_VARIABLE = YES;
				IPHONEOS_DEPLOYMENT_TARGET = 16.1;
				MTL_ENABLE_DEBUG_INFO = NO;
				MTL_FAST_MATH = YES;
				SDKROOT = iphoneos;
				SWIFT_COMPILATION_MODE = wholemodule;
				SWIFT_OPTIMIZATION_LEVEL = "-O";
				VALIDATE_PRODUCT = YES;
			};
			name = Release;
		};
		55BA963B2931D795006D91CC /* Debug */ = {
			isa = XCBuildConfiguration;
			buildSettings = {
				ASSETCATALOG_COMPILER_APPICON_NAME = AppIcon;
				ASSETCATALOG_COMPILER_GLOBAL_ACCENT_COLOR_NAME = AccentColor;
				CODE_SIGN_STYLE = Automatic;
				CURRENT_PROJECT_VERSION = 1;
				DEVELOPMENT_TEAM = 57TV7LQGRL;
				GENERATE_INFOPLIST_FILE = YES;
				INFOPLIST_FILE = "Netflix Clone/Info.plist";
				INFOPLIST_KEY_UIApplicationSupportsIndirectInputEvents = YES;
				INFOPLIST_KEY_UILaunchStoryboardName = LaunchScreen;
				INFOPLIST_KEY_UISupportedInterfaceOrientations_iPad = "UIInterfaceOrientationPortrait UIInterfaceOrientationPortraitUpsideDown UIInterfaceOrientationLandscapeLeft UIInterfaceOrientationLandscapeRight";
				INFOPLIST_KEY_UISupportedInterfaceOrientations_iPhone = "UIInterfaceOrientationPortrait UIInterfaceOrientationLandscapeLeft UIInterfaceOrientationLandscapeRight";
				LD_RUNPATH_SEARCH_PATHS = (
					"$(inherited)",
					"@executable_path/Frameworks",
				);
				MARKETING_VERSION = 1.0;
				PRODUCT_BUNDLE_IDENTIFIER = "com.malikastamalieva.Netflix-Clone";
				PRODUCT_NAME = "$(TARGET_NAME)";
				SWIFT_EMIT_LOC_STRINGS = YES;
				SWIFT_VERSION = 5.0;
				TARGETED_DEVICE_FAMILY = "1,2";
			};
			name = Debug;
		};
		55BA963C2931D795006D91CC /* Release */ = {
			isa = XCBuildConfiguration;
			buildSettings = {
				ASSETCATALOG_COMPILER_APPICON_NAME = AppIcon;
				ASSETCATALOG_COMPILER_GLOBAL_ACCENT_COLOR_NAME = AccentColor;
				CODE_SIGN_STYLE = Automatic;
				CURRENT_PROJECT_VERSION = 1;
				DEVELOPMENT_TEAM = 57TV7LQGRL;
				GENERATE_INFOPLIST_FILE = YES;
				INFOPLIST_FILE = "Netflix Clone/Info.plist";
				INFOPLIST_KEY_UIApplicationSupportsIndirectInputEvents = YES;
				INFOPLIST_KEY_UILaunchStoryboardName = LaunchScreen;
				INFOPLIST_KEY_UISupportedInterfaceOrientations_iPad = "UIInterfaceOrientationPortrait UIInterfaceOrientationPortraitUpsideDown UIInterfaceOrientationLandscapeLeft UIInterfaceOrientationLandscapeRight";
				INFOPLIST_KEY_UISupportedInterfaceOrientations_iPhone = "UIInterfaceOrientationPortrait UIInterfaceOrientationLandscapeLeft UIInterfaceOrientationLandscapeRight";
				LD_RUNPATH_SEARCH_PATHS = (
					"$(inherited)",
					"@executable_path/Frameworks",
				);
				MARKETING_VERSION = 1.0;
				PRODUCT_BUNDLE_IDENTIFIER = "com.malikastamalieva.Netflix-Clone";
				PRODUCT_NAME = "$(TARGET_NAME)";
				SWIFT_EMIT_LOC_STRINGS = YES;
				SWIFT_VERSION = 5.0;
				TARGETED_DEVICE_FAMILY = "1,2";
			};
			name = Release;
		};
/* End XCBuildConfiguration section */

/* Begin XCConfigurationList section */
		55BA96212931D794006D91CC /* Build configuration list for PBXProject "Netflix Clone" */ = {
			isa = XCConfigurationList;
			buildConfigurations = (
				55BA96382931D795006D91CC /* Debug */,
				55BA96392931D795006D91CC /* Release */,
			);
			defaultConfigurationIsVisible = 0;
			defaultConfigurationName = Release;
		};
		55BA963A2931D795006D91CC /* Build configuration list for PBXNativeTarget "Netflix Clone" */ = {
			isa = XCConfigurationList;
			buildConfigurations = (
				55BA963B2931D795006D91CC /* Debug */,
				55BA963C2931D795006D91CC /* Release */,
			);
			defaultConfigurationIsVisible = 0;
			defaultConfigurationName = Release;
		};
/* End XCConfigurationList section */
	};
	rootObject = 55BA961E2931D794006D91CC /* Project object */;
}
